Microsoft Visual Studio Solution File, Format Version 12.00
# Visual Studio 2012
Project("{FAE04EC0-301F-11D3-BF4B-00C04F79EFBC}") = "Godot_Jam_3_Game", "Godot_Jam_3_Game.csproj", "{424D510A-FD67-4EF8-BD18-E18DAFFD5788}"
EndProject
Global
	GlobalSection(SolutionConfigurationPlatforms) = preSolution
	Debug|Any CPU = Debug|Any CPU
	ExportDebug|Any CPU = ExportDebug|Any CPU
	ExportRelease|Any CPU = ExportRelease|Any CPU
	EndGlobalSection
	GlobalSection(ProjectConfigurationPlatforms) = postSolution
		{424D510A-FD67-4EF8-BD18-E18DAFFD5788}.Debug|Any CPU.ActiveCfg = Debug|Any CPU
		{424D510A-FD67-4EF8-BD18-E18DAFFD5788}.Debug|Any CPU.Build.0 = Debug|Any CPU
		{424D510A-FD67-4EF8-BD18-E18DAFFD5788}.ExportDebug|Any CPU.ActiveCfg = ExportDebug|Any CPU
		{424D510A-FD67-4EF8-BD18-E18DAFFD5788}.ExportDebug|Any CPU.Build.0 = ExportDebug|Any CPU
		{424D510A-FD67-4EF8-BD18-E18DAFFD5788}.ExportRelease|Any CPU.ActiveCfg = ExportRelease|Any CPU
		{424D510A-FD67-4EF8-BD18-E18DAFFD5788}.ExportRelease|Any CPU.Build.0 = ExportRelease|Any CPU
	EndGlobalSection
EndGlobal
